
Microsoft Visual Studio Solution File, Format Version 12.00
# Visual Studio Version 16
VisualStudioVersion = 16.0.29728.190
MinimumVisualStudioVersion = 10.0.40219.1
Project("{FAE04EC0-301F-11D3-BF4B-00C04F79EFBC}") = "stcalc", "stcalc\stcalc.csproj", "{C8245676-D235-4726-A620-87F559B1CBAC}"
EndProject
Global
	GlobalSection(SolutionConfigurationPlatforms) = preSolution
		Debug|Any CPU = Debug|Any CPU
		Release|Any CPU = Release|Any CPU
	EndGlobalSection
	GlobalSection(ProjectConfigurationPlatforms) = postSolution
		{C8245676-D235-4726-A620-87F559B1CBAC}.Debug|Any CPU.ActiveCfg = Debug|Any CPU
		{C8245676-D235-4726-A620-87F559B1CBAC}.Debug|Any CPU.Build.0 = Debug|Any CPU
		{C8245676-D235-4726-A620-87F559B1CBAC}.Release|Any CPU.ActiveCfg = Release|Any CPU
		{C8245676-D235-4726-A620-87F559B1CBAC}.Release|Any CPU.Build.0 = Release|Any CPU
	EndGlobalSection
	GlobalSection(SolutionProperties) = preSolution
		HideSolutionNode = FALSE
	EndGlobalSection
	GlobalSection(ExtensibilityGlobals) = postSolution
		SolutionGuid = {E301307C-D8E3-46EE-922A-6B14A7619B16}
	EndGlobalSection
EndGlobal
